// !$*UTF8*$!
{
	archiveVersion = 1;
	classes = {
	};
	objectVersion = 77;
	objects = {

/* Begin PBXBuildFile section */
		4907982A2EC6EA78003A319C /* Navio Extension.appex in Embed Foundation Extensions */ = {isa = PBXBuildFile; fileRef = 490798292EC6EA78003A319C /* Navio Extension.appex */; settings = {ATTRIBUTES = (RemoveHeadersOnCopy, ); }; };
/* End PBXBuildFile section */

/* Begin PBXContainerItemProxy section */
		490798142EC6EA78003A319C /* PBXContainerItemProxy */ = {
			isa = PBXContainerItemProxy;
			containerPortal = 490797EE2EC6EA77003A319C /* Project object */;
			proxyType = 1;
			remoteGlobalIDString = 490797F52EC6EA77003A319C;
			remoteInfo = Navio;
		};
		4907981E2EC6EA78003A319C /* PBXContainerItemProxy */ = {
			isa = PBXContainerItemProxy;
			containerPortal = 490797EE2EC6EA77003A319C /* Project object */;
			proxyType = 1;
			remoteGlobalIDString = 490797F52EC6EA77003A319C;
			remoteInfo = Navio;
		};
		4907982B2EC6EA78003A319C /* PBXContainerItemProxy */ = {
			isa = PBXContainerItemProxy;
			containerPortal = 490797EE2EC6EA77003A319C /* Project object */;
			proxyType = 1;
			remoteGlobalIDString = 490798282EC6EA78003A319C;
			remoteInfo = "Navio Extension";
		};
/* End PBXContainerItemProxy section */

/* Begin PBXCopyFilesBuildPhase section */
		490798482EC6EA78003A319C /* Embed Foundation Extensions */ = {
			isa = PBXCopyFilesBuildPhase;
			buildActionMask = 2147483647;
			dstPath = "";
			dstSubfolderSpec = 13;
			files = (
				4907982A2EC6EA78003A319C /* Navio Extension.appex in Embed Foundation Extensions */,
			);
			name = "Embed Foundation Extensions";
			runOnlyForDeploymentPostprocessing = 0;
		};
/* End PBXCopyFilesBuildPhase section */

/* Begin PBXFileReference section */
		490797F62EC6EA77003A319C /* Navio.app */ = {isa = PBXFileReference; explicitFileType = wrapper.application; includeInIndex = 0; path = Navio.app; sourceTree = BUILT_PRODUCTS_DIR; };
		490798132EC6EA78003A319C /* NavioTests.xctest */ = {isa = PBXFileReference; explicitFileType = wrapper.cfbundle; includeInIndex = 0; path = NavioTests.xctest; sourceTree = BUILT_PRODUCTS_DIR; };
		4907981D2EC6EA78003A319C /* NavioUITests.xctest */ = {isa = PBXFileReference; explicitFileType = wrapper.cfbundle; includeInIndex = 0; path = NavioUITests.xctest; sourceTree = BUILT_PRODUCTS_DIR; };
		490798292EC6EA78003A319C /* Navio Extension.appex */ = {isa = PBXFileReference; explicitFileType = "wrapper.app-extension"; includeInIndex = 0; path = "Navio Extension.appex"; sourceTree = BUILT_PRODUCTS_DIR; };
/* End PBXFileReference section */

/* Begin PBXFileSystemSynchronizedBuildFileExceptionSet section */
		490798432EC6EA78003A319C /* Exceptions for "Navio" folder in "Navio" target */ = {
			isa = PBXFileSystemSynchronizedBuildFileExceptionSet;
			membershipExceptions = (
				Info.plist,
			);
			target = 490797F52EC6EA77003A319C /* Navio */;
		};
		490798472EC6EA78003A319C /* Exceptions for "Navio Extension" folder in "Navio Extension" target */ = {
			isa = PBXFileSystemSynchronizedBuildFileExceptionSet;
			membershipExceptions = (
				Info.plist,
			);
			target = 490798282EC6EA78003A319C /* Navio Extension */;
		};
/* End PBXFileSystemSynchronizedBuildFileExceptionSet section */

/* Begin PBXFileSystemSynchronizedRootGroup section */
		490797F82EC6EA77003A319C /* Navio */ = {
			isa = PBXFileSystemSynchronizedRootGroup;
			exceptions = (
				490798432EC6EA78003A319C /* Exceptions for "Navio" folder in "Navio" target */,
			);
			path = Navio;
			sourceTree = "<group>";
		};
		490798162EC6EA78003A319C /* NavioTests */ = {
			isa = PBXFileSystemSynchronizedRootGroup;
			path = NavioTests;
			sourceTree = "<group>";
		};
		490798202EC6EA78003A319C /* NavioUITests */ = {
			isa = PBXFileSystemSynchronizedRootGroup;
			path = NavioUITests;
			sourceTree = "<group>";
		};
		4907982D2EC6EA78003A319C /* Navio Extension */ = {
			isa = PBXFileSystemSynchronizedRootGroup;
			exceptions = (
				490798472EC6EA78003A319C /* Exceptions for "Navio Extension" folder in "Navio Extension" target */,
			);
			explicitFolders = (
				Resources/_locales,
				Resources/images,
			);
			path = "Navio Extension";
			sourceTree = "<group>";
		};
/* End PBXFileSystemSynchronizedRootGroup section */

/* Begin PBXFrameworksBuildPhase section */
		490797F32EC6EA77003A319C /* Frameworks */ = {
			isa = PBXFrameworksBuildPhase;
			buildActionMask = 2147483647;
			files = (
			);
			runOnlyForDeploymentPostprocessing = 0;
		};
		490798102EC6EA78003A319C /* Frameworks */ = {
			isa = PBXFrameworksBuildPhase;
			buildActionMask = 2147483647;
			files = (
			);
			runOnlyForDeploymentPostprocessing = 0;
		};
		4907981A2EC6EA78003A319C /* Frameworks */ = {
			isa = PBXFrameworksBuildPhase;
			buildActionMask = 2147483647;
			files = (
			);
			runOnlyForDeploymentPostprocessing = 0;
		};
		490798262EC6EA78003A319C /* Frameworks */ = {
			isa = PBXFrameworksBuildPhase;
			buildActionMask = 2147483647;
			files = (
			);
			runOnlyForDeploymentPostprocessing = 0;
		};
/* End PBXFrameworksBuildPhase section */

/* Begin PBXGroup section */
		490797ED2EC6EA77003A319C = {
			isa = PBXGroup;
			children = (
				490797F82EC6EA77003A319C /* Navio */,
				490798162EC6EA78003A319C /* NavioTests */,
				490798202EC6EA78003A319C /* NavioUITests */,
				4907982D2EC6EA78003A319C /* Navio Extension */,
				490797F72EC6EA77003A319C /* Products */,
			);
			sourceTree = "<group>";
		};
		490797F72EC6EA77003A319C /* Products */ = {
			isa = PBXGroup;
			children = (
				490797F62EC6EA77003A319C /* Navio.app */,
				490798132EC6EA78003A319C /* NavioTests.xctest */,
				4907981D2EC6EA78003A319C /* NavioUITests.xctest */,
				490798292EC6EA78003A319C /* Navio Extension.appex */,
			);
			name = Products;
			sourceTree = "<group>";
		};
/* End PBXGroup section */

/* Begin PBXNativeTarget section */
		490797F52EC6EA77003A319C /* Navio */ = {
			isa = PBXNativeTarget;
			buildConfigurationList = 490798492EC6EA78003A319C /* Build configuration list for PBXNativeTarget "Navio" */;
			buildPhases = (
				490797F22EC6EA77003A319C /* Sources */,
				490797F32EC6EA77003A319C /* Frameworks */,
				490797F42EC6EA77003A319C /* Resources */,
				490798482EC6EA78003A319C /* Embed Foundation Extensions */,
			);
			buildRules = (
			);
			dependencies = (
				4907982C2EC6EA78003A319C /* PBXTargetDependency */,
			);
			fileSystemSynchronizedGroups = (
				490797F82EC6EA77003A319C /* Navio */,
			);
			name = Navio;
			packageProductDependencies = (
			);
			productName = Navio;
			productReference = 490797F62EC6EA77003A319C /* Navio.app */;
			productType = "com.apple.product-type.application";
		};
		490798122EC6EA78003A319C /* NavioTests */ = {
			isa = PBXNativeTarget;
			buildConfigurationList = 4907984E2EC6EA78003A319C /* Build configuration list for PBXNativeTarget "NavioTests" */;
			buildPhases = (
				4907980F2EC6EA78003A319C /* Sources */,
				490798102EC6EA78003A319C /* Frameworks */,
				490798112EC6EA78003A319C /* Resources */,
			);
			buildRules = (
			);
			dependencies = (
				490798152EC6EA78003A319C /* PBXTargetDependency */,
			);
			fileSystemSynchronizedGroups = (
				490798162EC6EA78003A319C /* NavioTests */,
			);
			name = NavioTests;
			packageProductDependencies = (
			);
			productName = NavioTests;
			productReference = 490798132EC6EA78003A319C /* NavioTests.xctest */;
			productType = "com.apple.product-type.bundle.unit-test";
		};
		4907981C2EC6EA78003A319C /* NavioUITests */ = {
			isa = PBXNativeTarget;
			buildConfigurationList = 490798512EC6EA78003A319C /* Build configuration list for PBXNativeTarget "NavioUITests" */;
			buildPhases = (
				490798192EC6EA78003A319C /* Sources */,
				4907981A2EC6EA78003A319C /* Frameworks */,
				4907981B2EC6EA78003A319C /* Resources */,
			);
			buildRules = (
			);
			dependencies = (
				4907981F2EC6EA78003A319C /* PBXTargetDependency */,
			);
			fileSystemSynchronizedGroups = (
				490798202EC6EA78003A319C /* NavioUITests */,
			);
			name = NavioUITests;
			packageProductDependencies = (
			);
			productName = NavioUITests;
			productReference = 4907981D2EC6EA78003A319C /* NavioUITests.xctest */;
			productType = "com.apple.product-type.bundle.ui-testing";
		};
		490798282EC6EA78003A319C /* Navio Extension */ = {
			isa = PBXNativeTarget;
			buildConfigurationList = 490798442EC6EA78003A319C /* Build configuration list for PBXNativeTarget "Navio Extension" */;
			buildPhases = (
				490798252EC6EA78003A319C /* Sources */,
				490798262EC6EA78003A319C /* Frameworks */,
				490798272EC6EA78003A319C /* Resources */,
			);
			buildRules = (
			);
			dependencies = (
			);
			fileSystemSynchronizedGroups = (
				4907982D2EC6EA78003A319C /* Navio Extension */,
			);
			name = "Navio Extension";
			packageProductDependencies = (
			);
			productName = "Navio Extension";
			productReference = 490798292EC6EA78003A319C /* Navio Extension.appex */;
			productType = "com.apple.product-type.app-extension";
		};
/* End PBXNativeTarget section */

/* Begin PBXProject section */
		490797EE2EC6EA77003A319C /* Project object */ = {
			isa = PBXProject;
			attributes = {
				BuildIndependentTargetsInParallel = 1;
				LastSwiftUpdateCheck = 2610;
				LastUpgradeCheck = 2610;
				TargetAttributes = {
					490797F52EC6EA77003A319C = {
						CreatedOnToolsVersion = 26.1.1;
					};
					490798122EC6EA78003A319C = {
						CreatedOnToolsVersion = 26.1.1;
						TestTargetID = 490797F52EC6EA77003A319C;
					};
					4907981C2EC6EA78003A319C = {
						CreatedOnToolsVersion = 26.1.1;
						TestTargetID = 490797F52EC6EA77003A319C;
					};
					490798282EC6EA78003A319C = {
						CreatedOnToolsVersion = 26.1.1;
					};
				};
			};
			buildConfigurationList = 490797F12EC6EA77003A319C /* Build configuration list for PBXProject "Navio" */;
			developmentRegion = en;
			hasScannedForEncodings = 0;
			knownRegions = (
				en,
				Base,
			);
			mainGroup = 490797ED2EC6EA77003A319C;
			minimizedProjectReferenceProxies = 1;
			preferredProjectObjectVersion = 77;
			productRefGroup = 490797F72EC6EA77003A319C /* Products */;
			projectDirPath = "";
			projectRoot = "";
			targets = (
				490797F52EC6EA77003A319C /* Navio */,
				490798122EC6EA78003A319C /* NavioTests */,
				4907981C2EC6EA78003A319C /* NavioUITests */,
				490798282EC6EA78003A319C /* Navio Extension */,
			);
		};
/* End PBXProject section */

/* Begin PBXResourcesBuildPhase section */
		490797F42EC6EA77003A319C /* Resources */ = {
			isa = PBXResourcesBuildPhase;
			buildActionMask = 2147483647;
			files = (
			);
			runOnlyForDeploymentPostprocessing = 0;
		};
		490798112EC6EA78003A319C /* Resources */ = {
			isa = PBXResourcesBuildPhase;
			buildActionMask = 2147483647;
			files = (
			);
			runOnlyForDeploymentPostprocessing = 0;
		};
		4907981B2EC6EA78003A319C /* Resources */ = {
			isa = PBXResourcesBuildPhase;
			buildActionMask = 2147483647;
			files = (
			);
			runOnlyForDeploymentPostprocessing = 0;
		};
		490798272EC6EA78003A319C /* Resources */ = {
			isa = PBXResourcesBuildPhase;
			buildActionMask = 2147483647;
			files = (
			);
			runOnlyForDeploymentPostprocessing = 0;
		};
/* End PBXResourcesBuildPhase section */

/* Begin PBXSourcesBuildPhase section */
		490797F22EC6EA77003A319C /* Sources */ = {
			isa = PBXSourcesBuildPhase;
			buildActionMask = 2147483647;
			files = (
			);
			runOnlyForDeploymentPostprocessing = 0;
		};
		4907980F2EC6EA78003A319C /* Sources */ = {
			isa = PBXSourcesBuildPhase;
			buildActionMask = 2147483647;
			files = (
			);
			runOnlyForDeploymentPostprocessing = 0;
		};
		490798192EC6EA78003A319C /* Sources */ = {
			isa = PBXSourcesBuildPhase;
			buildActionMask = 2147483647;
			files = (
			);
			runOnlyForDeploymentPostprocessing = 0;
		};
		490798252EC6EA78003A319C /* Sources */ = {
			isa = PBXSourcesBuildPhase;
			buildActionMask = 2147483647;
			files = (
			);
			runOnlyForDeploymentPostprocessing = 0;
		};
/* End PBXSourcesBuildPhase section */

/* Begin PBXTargetDependency section */
		490798152EC6EA78003A319C /* PBXTargetDependency */ = {
			isa = PBXTargetDependency;
			target = 490797F52EC6EA77003A319C /* Navio */;
			targetProxy = 490798142EC6EA78003A319C /* PBXContainerItemProxy */;
		};
		4907981F2EC6EA78003A319C /* PBXTargetDependency */ = {
			isa = PBXTargetDependency;
			target = 490797F52EC6EA77003A319C /* Navio */;
			targetProxy = 4907981E2EC6EA78003A319C /* PBXContainerItemProxy */;
		};
		4907982C2EC6EA78003A319C /* PBXTargetDependency */ = {
			isa = PBXTargetDependency;
			target = 490798282EC6EA78003A319C /* Navio Extension */;
			targetProxy = 4907982B2EC6EA78003A319C /* PBXContainerItemProxy */;
		};
/* End PBXTargetDependency section */

/* Begin XCBuildConfiguration section */
		490798452EC6EA78003A319C /* Debug */ = {
			isa = XCBuildConfiguration;
			buildSettings = {
				CODE_SIGN_STYLE = Automatic;
				CURRENT_PROJECT_VERSION = 1;
				DEVELOPMENT_TEAM = UZD4BS94DT;
				GENERATE_INFOPLIST_FILE = YES;
				INFOPLIST_FILE = "Navio Extension/Info.plist";
				INFOPLIST_KEY_CFBundleDisplayName = "Navio Extension";
				INFOPLIST_KEY_NSHumanReadableCopyright = "";
				IPHONEOS_DEPLOYMENT_TARGET = 15.0;
				LD_RUNPATH_SEARCH_PATHS = (
					"$(inherited)",
					"@executable_path/Frameworks",
					"@executable_path/../../Frameworks",
				);
				MARKETING_VERSION = 1.0;
				OTHER_LDFLAGS = (
					"-framework",
					SafariServices,
				);
				PRODUCT_BUNDLE_IDENTIFIER = com.rishabh.Navio.Extension;
				PRODUCT_NAME = "$(TARGET_NAME)";
				SKIP_INSTALL = YES;
				STRING_CATALOG_GENERATE_SYMBOLS = YES;
				SWIFT_APPROACHABLE_CONCURRENCY = YES;
				SWIFT_EMIT_LOC_STRINGS = YES;
				SWIFT_UPCOMING_FEATURE_MEMBER_IMPORT_VISIBILITY = YES;
				SWIFT_VERSION = 5.0;
				TARGETED_DEVICE_FAMILY = "1,2";
			};
			name = Debug;
		};
		490798462EC6EA78003A319C /* Release */ = {
			isa = XCBuildConfiguration;
			buildSettings = {
				CODE_SIGN_STYLE = Automatic;
				CURRENT_PROJECT_VERSION = 1;
				DEVELOPMENT_TEAM = UZD4BS94DT;
				GENERATE_INFOPLIST_FILE = YES;
				INFOPLIST_FILE = "Navio Extension/Info.plist";
				INFOPLIST_KEY_CFBundleDisplayName = "Navio Extension";
				INFOPLIST_KEY_NSHumanReadableCopyright = "";
				IPHONEOS_DEPLOYMENT_TARGET = 15.0;
				LD_RUNPATH_SEARCH_PATHS = (
					"$(inherited)",
					"@executable_path/Frameworks",
					"@executable_path/../../Frameworks",
				);
				MARKETING_VERSION = 1.0;
				OTHER_LDFLAGS = (
					"-framework",
					SafariServices,
				);
				PRODUCT_BUNDLE_IDENTIFIER = com.rishabh.Navio.Extension;
				PRODUCT_NAME = "$(TARGET_NAME)";
				SKIP_INSTALL = YES;
				STRING_CATALOG_GENERATE_SYMBOLS = YES;
				SWIFT_APPROACHABLE_CONCURRENCY = YES;
				SWIFT_EMIT_LOC_STRINGS = YES;
				SWIFT_UPCOMING_FEATURE_MEMBER_IMPORT_VISIBILITY = YES;
				SWIFT_VERSION = 5.0;
				TARGETED_DEVICE_FAMILY = "1,2";
			};
			name = Release;
		};
		4907984A2EC6EA78003A319C /* Debug */ = {
			isa = XCBuildConfiguration;
			buildSettings = {
				ASSETCATALOG_COMPILER_APPICON_NAME = AppIcon;
				ASSETCATALOG_COMPILER_GLOBAL_ACCENT_COLOR_NAME = AccentColor;
				CODE_SIGN_STYLE = Automatic;
				CURRENT_PROJECT_VERSION = 1;
				DEVELOPMENT_TEAM = UZD4BS94DT;
				GENERATE_INFOPLIST_FILE = YES;
				INFOPLIST_FILE = Navio/Info.plist;
				INFOPLIST_KEY_CFBundleDisplayName = Navio;
				INFOPLIST_KEY_UIApplicationSupportsIndirectInputEvents = YES;
				INFOPLIST_KEY_UILaunchStoryboardName = LaunchScreen;
				INFOPLIST_KEY_UIMainStoryboardFile = Main;
				INFOPLIST_KEY_UISupportedInterfaceOrientations_iPad = "UIInterfaceOrientationPortrait UIInterfaceOrientationPortraitUpsideDown UIInterfaceOrientationLandscapeLeft UIInterfaceOrientationLandscapeRight";
				INFOPLIST_KEY_UISupportedInterfaceOrientations_iPhone = "UIInterfaceOrientationPortrait UIInterfaceOrientationLandscapeLeft UIInterfaceOrientationLandscapeRight";
				IPHONEOS_DEPLOYMENT_TARGET = 15.0;
				LD_RUNPATH_SEARCH_PATHS = (
					"$(inherited)",
					"@executable_path/Frameworks",
				);
				MARKETING_VERSION = 1.0;
				OTHER_LDFLAGS = (
					"-framework",
					SafariServices,
					"-framework",
					WebKit,
				);
				PRODUCT_BUNDLE_IDENTIFIER = com.rishabh.Navio;
				PRODUCT_NAME = "$(TARGET_NAME)";
				STRING_CATALOG_GENERATE_SYMBOLS = YES;
				SWIFT_APPROACHABLE_CONCURRENCY = YES;
				SWIFT_DEFAULT_ACTOR_ISOLATION = MainActor;
				SWIFT_EMIT_LOC_STRINGS = YES;
				SWIFT_UPCOMING_FEATURE_MEMBER_IMPORT_VISIBILITY = YES;
				SWIFT_VERSION = 5.0;
				TARGETED_DEVICE_FAMILY = "1,2";
			};
			name = Debug;
		};
		4907984B2EC6EA78003A319C /* Release */ = {
			isa = XCBuildConfiguration;
			buildSettings = {
				ASSETCATALOG_COMPILER_APPICON_NAME = AppIcon;
				ASSETCATALOG_COMPILER_GLOBAL_ACCENT_COLOR_NAME = AccentColor;
				CODE_SIGN_STYLE = Automatic;
				CURRENT_PROJECT_VERSION = 1;
				DEVELOPMENT_TEAM = UZD4BS94DT;
				GENERATE_INFOPLIST_FILE = YES;
				INFOPLIST_FILE = Navio/Info.plist;
				INFOPLIST_KEY_CFBundleDisplayName = Navio;
				INFOPLIST_KEY_UIApplicationSupportsIndirectInputEvents = YES;
				INFOPLIST_KEY_UILaunchStoryboardName = LaunchScreen;
				INFOPLIST_KEY_UIMainStoryboardFile = Main;
				INFOPLIST_KEY_UISupportedInterfaceOrientations_iPad = "UIInterfaceOrientationPortrait UIInterfaceOrientationPortraitUpsideDown UIInterfaceOrientationLandscapeLeft UIInterfaceOrientationLandscapeRight";
				INFOPLIST_KEY_UISupportedInterfaceOrientations_iPhone = "UIInterfaceOrientationPortrait UIInterfaceOrientationLandscapeLeft UIInterfaceOrientationLandscapeRight";
				IPHONEOS_DEPLOYMENT_TARGET = 15.0;
				LD_RUNPATH_SEARCH_PATHS = (
					"$(inherited)",
					"@executable_path/Frameworks",
				);
				MARKETING_VERSION = 1.0;
				OTHER_LDFLAGS = (
					"-framework",
					SafariServices,
					"-framework",
					WebKit,
				);
				PRODUCT_BUNDLE_IDENTIFIER = com.rishabh.Navio;
				PRODUCT_NAME = "$(TARGET_NAME)";
				STRING_CATALOG_GENERATE_SYMBOLS = YES;
				SWIFT_APPROACHABLE_CONCURRENCY = YES;
				SWIFT_DEFAULT_ACTOR_ISOLATION = MainActor;
				SWIFT_EMIT_LOC_STRINGS = YES;
				SWIFT_UPCOMING_FEATURE_MEMBER_IMPORT_VISIBILITY = YES;
				SWIFT_VERSION = 5.0;
				TARGETED_DEVICE_FAMILY = "1,2";
			};
			name = Release;
		};
		4907984C2EC6EA78003A319C /* Debug */ = {
			isa = XCBuildConfiguration;
			buildSettings = {
				ALWAYS_SEARCH_USER_PATHS = NO;
				ASSETCATALOG_COMPILER_GENERATE_SWIFT_ASSET_SYMBOL_EXTENSIONS = YES;
				CLANG_ANALYZER_NONNULL = YES;
				CLANG_ANALYZER_NUMBER_OBJECT_CONVERSION = YES_AGGRESSIVE;
				CLANG_CXX_LANGUAGE_STANDARD = "gnu++20";
				CLANG_ENABLE_MODULES = YES;
				CLANG_ENABLE_OBJC_ARC = YES;
				CLANG_ENABLE_OBJC_WEAK = YES;
				CLANG_WARN_BLOCK_CAPTURE_AUTORELEASING = YES;
				CLANG_WARN_BOOL_CONVERSION = YES;
				CLANG_WARN_COMMA = YES;
				CLANG_WARN_CONSTANT_CONVERSION = YES;
				CLANG_WARN_DEPRECATED_OBJC_IMPLEMENTATIONS = YES;
				CLANG_WARN_DIRECT_OBJC_ISA_USAGE = YES_ERROR;
				CLANG_WARN_DOCUMENTATION_COMMENTS = YES;
				CLANG_WARN_EMPTY_BODY = YES;
				CLANG_WARN_ENUM_CONVERSION = YES;
				CLANG_WARN_INFINITE_RECURSION = YES;
				CLANG_WARN_INT_CONVERSION = YES;
				CLANG_WARN_NON_LITERAL_NULL_CONVERSION = YES;
				CLANG_WARN_OBJC_IMPLICIT_RETAIN_SELF = YES;
				CLANG_WARN_OBJC_LITERAL_CONVERSION = YES;
				CLANG_WARN_OBJC_ROOT_CLASS = YES_ERROR;
				CLANG_WARN_QUOTED_INCLUDE_IN_FRAMEWORK_HEADER = YES;
				CLANG_WARN_RANGE_LOOP_ANALYSIS = YES;
				CLANG_WARN_STRICT_PROTOTYPES = YES;
				CLANG_WARN_SUSPICIOUS_MOVE = YES;
				CLANG_WARN_UNGUARDED_AVAILABILITY = YES_AGGRESSIVE;
				CLANG_WARN_UNREACHABLE_CODE = YES;
				CLANG_WARN__DUPLICATE_METHOD_MATCH = YES;
				COPY_PHASE_STRIP = NO;
				DEBUG_INFORMATION_FORMAT = dwarf;
				DEVELOPMENT_TEAM = UZD4BS94DT;
				ENABLE_STRICT_OBJC_MSGSEND = YES;
				ENABLE_TESTABILITY = YES;
				ENABLE_USER_SCRIPT_SANDBOXING = YES;
				GCC_C_LANGUAGE_STANDARD = gnu17;
				GCC_DYNAMIC_NO_PIC = NO;
				GCC_NO_COMMON_BLOCKS = YES;
				GCC_OPTIMIZATION_LEVEL = 0;
				GCC_PREPROCESSOR_DEFINITIONS = (
					"DEBUG=1",
					"$(inherited)",
				);
				GCC_WARN_64_TO_32_BIT_CONVERSION = YES;
				GCC_WARN_ABOUT_RETURN_TYPE = YES_ERROR;
				GCC_WARN_UNDECLARED_SELECTOR = YES;
				GCC_WARN_UNINITIALIZED_AUTOS = YES_AGGRESSIVE;
				GCC_WARN_UNUSED_FUNCTION = YES;
				GCC_WARN_UNUSED_VARIABLE = YES;
				IPHONEOS_DEPLOYMENT_TARGET = 26.1;
				LOCALIZATION_PREFERS_STRING_CATALOGS = YES;
				MTL_ENABLE_DEBUG_INFO = INCLUDE_SOURCE;
				MTL_FAST_MATH = YES;
				ONLY_ACTIVE_ARCH = YES;
				SDKROOT = iphoneos;
				SWIFT_ACTIVE_COMPILATION_CONDITIONS = "DEBUG $(inherited)";
				SWIFT_OPTIMIZATION_LEVEL = "-Onone";
			};
			name = Debug;
		};
		4907984D2EC6EA78003A319C /* Release */ = {
			isa = XCBuildConfiguration;
			buildSettings = {
				ALWAYS_SEARCH_USER_PATHS = NO;
				ASSETCATALOG_COMPILER_GENERATE_SWIFT_ASSET_SYMBOL_EXTENSIONS = YES;
				CLANG_ANALYZER_NONNULL = YES;
				CLANG_ANALYZER_NUMBER_OBJECT_CONVERSION = YES_AGGRESSIVE;
				CLANG_CXX_LANGUAGE_STANDARD = "gnu++20";
				CLANG_ENABLE_MODULES = YES;
				CLANG_ENABLE_OBJC_ARC = YES;
				CLANG_ENABLE_OBJC_WEAK = YES;
				CLANG_WARN_BLOCK_CAPTURE_AUTORELEASING = YES;
				CLANG_WARN_BOOL_CONVERSION = YES;
				CLANG_WARN_COMMA = YES;
				CLANG_WARN_CONSTANT_CONVERSION = YES;
				CLANG_WARN_DEPRECATED_OBJC_IMPLEMENTATIONS = YES;
				CLANG_WARN_DIRECT_OBJC_ISA_USAGE = YES_ERROR;
				CLANG_WARN_DOCUMENTATION_COMMENTS = YES;
				CLANG_WARN_EMPTY_BODY = YES;
				CLANG_WARN_ENUM_CONVERSION = YES;
				CLANG_WARN_INFINITE_RECURSION = YES;
				CLANG_WARN_INT_CONVERSION = YES;
				CLANG_WARN_NON_LITERAL_NULL_CONVERSION = YES;
				CLANG_WARN_OBJC_IMPLICIT_RETAIN_SELF = YES;
				CLANG_WARN_OBJC_LITERAL_CONVERSION = YES;
				CLANG_WARN_OBJC_ROOT_CLASS = YES_ERROR;
				CLANG_WARN_QUOTED_INCLUDE_IN_FRAMEWORK_HEADER = YES;
				CLANG_WARN_RANGE_LOOP_ANALYSIS = YES;
				CLANG_WARN_STRICT_PROTOTYPES = YES;
				CLANG_WARN_SUSPICIOUS_MOVE = YES;
				CLANG_WARN_UNGUARDED_AVAILABILITY = YES_AGGRESSIVE;
				CLANG_WARN_UNREACHABLE_CODE = YES;
				CLANG_WARN__DUPLICATE_METHOD_MATCH = YES;
				COPY_PHASE_STRIP = NO;
				DEBUG_INFORMATION_FORMAT = "dwarf-with-dsym";
				DEVELOPMENT_TEAM = UZD4BS94DT;
				ENABLE_NS_ASSERTIONS = NO;
				ENABLE_STRICT_OBJC_MSGSEND = YES;
				ENABLE_USER_SCRIPT_SANDBOXING = YES;
				GCC_C_LANGUAGE_STANDARD = gnu17;
				GCC_NO_COMMON_BLOCKS = YES;
				GCC_WARN_64_TO_32_BIT_CONVERSION = YES;
				GCC_WARN_ABOUT_RETURN_TYPE = YES_ERROR;
				GCC_WARN_UNDECLARED_SELECTOR = YES;
				GCC_WARN_UNINITIALIZED_AUTOS = YES_AGGRESSIVE;
				GCC_WARN_UNUSED_FUNCTION = YES;
				GCC_WARN_UNUSED_VARIABLE = YES;
				IPHONEOS_DEPLOYMENT_TARGET = 26.1;
				LOCALIZATION_PREFERS_STRING_CATALOGS = YES;
				MTL_ENABLE_DEBUG_INFO = NO;
				MTL_FAST_MATH = YES;
				SDKROOT = iphoneos;
				SWIFT_COMPILATION_MODE = wholemodule;
				VALIDATE_PRODUCT = YES;
			};
			name = Release;
		};
		4907984F2EC6EA78003A319C /* Debug */ = {
			isa = XCBuildConfiguration;
			buildSettings = {
				BUNDLE_LOADER = "$(TEST_HOST)";
				CODE_SIGN_STYLE = Automatic;
				CURRENT_PROJECT_VERSION = 1;
				DEVELOPMENT_TEAM = UZD4BS94DT;
				GENERATE_INFOPLIST_FILE = YES;
				IPHONEOS_DEPLOYMENT_TARGET = 15.0;
				MARKETING_VERSION = 1.0;
				PRODUCT_BUNDLE_IDENTIFIER = com.rishabh.NavioTests;
				PRODUCT_NAME = "$(TARGET_NAME)";
				STRING_CATALOG_GENERATE_SYMBOLS = NO;
				SWIFT_APPROACHABLE_CONCURRENCY = YES;
				SWIFT_EMIT_LOC_STRINGS = NO;
				SWIFT_UPCOMING_FEATURE_MEMBER_IMPORT_VISIBILITY = YES;
				SWIFT_VERSION = 5.0;
				TARGETED_DEVICE_FAMILY = "1,2";
				TEST_HOST = "$(BUILT_PRODUCTS_DIR)/Navio.app/$(BUNDLE_EXECUTABLE_FOLDER_PATH)/Navio";
			};
			name = Debug;
		};
		490798502EC6EA78003A319C /* Release */ = {
			isa = XCBuildConfiguration;
			buildSettings = {
				BUNDLE_LOADER = "$(TEST_HOST)";
				CODE_SIGN_STYLE = Automatic;
				CURRENT_PROJECT_VERSION = 1;
				DEVELOPMENT_TEAM = UZD4BS94DT;
				GENERATE_INFOPLIST_FILE = YES;
				IPHONEOS_DEPLOYMENT_TARGET = 15.0;
				MARKETING_VERSION = 1.0;
				PRODUCT_BUNDLE_IDENTIFIER = com.rishabh.NavioTests;
				PRODUCT_NAME = "$(TARGET_NAME)";
				STRING_CATALOG_GENERATE_SYMBOLS = NO;
				SWIFT_APPROACHABLE_CONCURRENCY = YES;
				SWIFT_EMIT_LOC_STRINGS = NO;
				SWIFT_UPCOMING_FEATURE_MEMBER_IMPORT_VISIBILITY = YES;
				SWIFT_VERSION = 5.0;
				TARGETED_DEVICE_FAMILY = "1,2";
				TEST_HOST = "$(BUILT_PRODUCTS_DIR)/Navio.app/$(BUNDLE_EXECUTABLE_FOLDER_PATH)/Navio";
			};
			name = Release;
		};
		490798522EC6EA78003A319C /* Debug */ = {
			isa = XCBuildConfiguration;
			buildSettings = {
				CODE_SIGN_STYLE = Automatic;
				CURRENT_PROJECT_VERSION = 1;
				DEVELOPMENT_TEAM = UZD4BS94DT;
				GENERATE_INFOPLIST_FILE = YES;
				MARKETING_VERSION = 1.0;
				PRODUCT_BUNDLE_IDENTIFIER = com.rishabh.NavioUITests;
				PRODUCT_NAME = "$(TARGET_NAME)";
				STRING_CATALOG_GENERATE_SYMBOLS = NO;
				SWIFT_APPROACHABLE_CONCURRENCY = YES;
				SWIFT_EMIT_LOC_STRINGS = NO;
				SWIFT_UPCOMING_FEATURE_MEMBER_IMPORT_VISIBILITY = YES;
				SWIFT_VERSION = 5.0;
				TARGETED_DEVICE_FAMILY = "1,2";
				TEST_TARGET_NAME = Navio;
			};
			name = Debug;
		};
		490798532EC6EA78003A319C /* Release */ = {
			isa = XCBuildConfiguration;
			buildSettings = {
				CODE_SIGN_STYLE = Automatic;
				CURRENT_PROJECT_VERSION = 1;
				DEVELOPMENT_TEAM = UZD4BS94DT;
				GENERATE_INFOPLIST_FILE = YES;
				MARKETING_VERSION = 1.0;
				PRODUCT_BUNDLE_IDENTIFIER = com.rishabh.NavioUITests;
				PRODUCT_NAME = "$(TARGET_NAME)";
				STRING_CATALOG_GENERATE_SYMBOLS = NO;
				SWIFT_APPROACHABLE_CONCURRENCY = YES;
				SWIFT_EMIT_LOC_STRINGS = NO;
				SWIFT_UPCOMING_FEATURE_MEMBER_IMPORT_VISIBILITY = YES;
				SWIFT_VERSION = 5.0;
				TARGETED_DEVICE_FAMILY = "1,2";
				TEST_TARGET_NAME = Navio;
			};
			name = Release;
		};
/* End XCBuildConfiguration section */

/* Begin XCConfigurationList section */
		490797F12EC6EA77003A319C /* Build configuration list for PBXProject "Navio" */ = {
			isa = XCConfigurationList;
			buildConfigurations = (
				4907984C2EC6EA78003A319C /* Debug */,
				4907984D2EC6EA78003A319C /* Release */,
			);
			defaultConfigurationIsVisible = 0;
			defaultConfigurationName = Release;
		};
		490798442EC6EA78003A319C /* Build configuration list for PBXNativeTarget "Navio Extension" */ = {
			isa = XCConfigurationList;
			buildConfigurations = (
				490798452EC6EA78003A319C /* Debug */,
				490798462EC6EA78003A319C /* Release */,
			);
			defaultConfigurationIsVisible = 0;
			defaultConfigurationName = Release;
		};
		490798492EC6EA78003A319C /* Build configuration list for PBXNativeTarget "Navio" */ = {
			isa = XCConfigurationList;
			buildConfigurations = (
				4907984A2EC6EA78003A319C /* Debug */,
				4907984B2EC6EA78003A319C /* Release */,
			);
			defaultConfigurationIsVisible = 0;
			defaultConfigurationName = Release;
		};
		4907984E2EC6EA78003A319C /* Build configuration list for PBXNativeTarget "NavioTests" */ = {
			isa = XCConfigurationList;
			buildConfigurations = (
				4907984F2EC6EA78003A319C /* Debug */,
				490798502EC6EA78003A319C /* Release */,
			);
			defaultConfigurationIsVisible = 0;
			defaultConfigurationName = Release;
		};
		490798512EC6EA78003A319C /* Build configuration list for PBXNativeTarget "NavioUITests" */ = {
			isa = XCConfigurationList;
			buildConfigurations = (
				490798522EC6EA78003A319C /* Debug */,
				490798532EC6EA78003A319C /* Release */,
			);
			defaultConfigurationIsVisible = 0;
			defaultConfigurationName = Release;
		};
/* End XCConfigurationList section */
	};
	rootObject = 490797EE2EC6EA77003A319C /* Project object */;
}
